
Microsoft Visual Studio Solution File, Format Version 12.00
# Visual Studio Version 17
VisualStudioVersion = 17.5.002.0
MinimumVisualStudioVersion = 10.0.40219.1
Project("{9A19103F-16F7-4668-BE54-9A1E7A4F7556}") = "Core", "Core\Core.csproj", "{462BFECF-B13C-4C55-8805-469FAAF8FD8A}"
EndProject
Project("{9A19103F-16F7-4668-BE54-9A1E7A4F7556}") = "DBaccess", "DBaccess\DBaccess.csproj", "{425E039A-BAA9-4BF7-ABFF-BACA40D86F8D}"
EndProject
Project("{9A19103F-16F7-4668-BE54-9A1E7A4F7556}") = "Infrastructure", "Infrastructure\Infrastructure.csproj", "{A47D12C6-7B96-4345-8BFE-42B0F2EF8858}"
EndProject
Project("{9A19103F-16F7-4668-BE54-9A1E7A4F7556}") = "MVC", "MVC\MVC.csproj", "{CE8BBDD8-587D-42FD-97B9-35F6BB9E16F5}"
EndProject
Global
	GlobalSection(SolutionConfigurationPlatforms) = preSolution
		Debug|Any CPU = Debug|Any CPU
		Release|Any CPU = Release|Any CPU
	EndGlobalSection
	GlobalSection(ProjectConfigurationPlatforms) = postSolution
		{462BFECF-B13C-4C55-8805-469FAAF8FD8A}.Debug|Any CPU.ActiveCfg = Debug|Any CPU
		{462BFECF-B13C-4C55-8805-469FAAF8FD8A}.Debug|Any CPU.Build.0 = Debug|Any CPU
		{462BFECF-B13C-4C55-8805-469FAAF8FD8A}.Release|Any CPU.ActiveCfg = Release|Any CPU
		{462BFECF-B13C-4C55-8805-469FAAF8FD8A}.Release|Any CPU.Build.0 = Release|Any CPU
		{425E039A-BAA9-4BF7-ABFF-BACA40D86F8D}.Debug|Any CPU.ActiveCfg = Debug|Any CPU
		{425E039A-BAA9-4BF7-ABFF-BACA40D86F8D}.Debug|Any CPU.Build.0 = Debug|Any CPU
		{425E039A-BAA9-4BF7-ABFF-BACA40D86F8D}.Release|Any CPU.ActiveCfg = Release|Any CPU
		{425E039A-BAA9-4BF7-ABFF-BACA40D86F8D}.Release|Any CPU.Build.0 = Release|Any CPU
		{A47D12C6-7B96-4345-8BFE-42B0F2EF8858}.Debug|Any CPU.ActiveCfg = Debug|Any CPU
		{A47D12C6-7B96-4345-8BFE-42B0F2EF8858}.Debug|Any CPU.Build.0 = Debug|Any CPU
		{A47D12C6-7B96-4345-8BFE-42B0F2EF8858}.Release|Any CPU.ActiveCfg = Release|Any CPU
		{A47D12C6-7B96-4345-8BFE-42B0F2EF8858}.Release|Any CPU.Build.0 = Release|Any CPU
		{CE8BBDD8-587D-42FD-97B9-35F6BB9E16F5}.Debug|Any CPU.ActiveCfg = Debug|Any CPU
		{CE8BBDD8-587D-42FD-97B9-35F6BB9E16F5}.Debug|Any CPU.Build.0 = Debug|Any CPU
		{CE8BBDD8-587D-42FD-97B9-35F6BB9E16F5}.Release|Any CPU.ActiveCfg = Release|Any CPU
		{CE8BBDD8-587D-42FD-97B9-35F6BB9E16F5}.Release|Any CPU.Build.0 = Release|Any CPU
	EndGlobalSection
	GlobalSection(SolutionProperties) = preSolution
		HideSolutionNode = FALSE
	EndGlobalSection
	GlobalSection(ExtensibilityGlobals) = postSolution
		SolutionGuid = {04EBD891-0A37-4CA6-B5F4-E14173944603}
	EndGlobalSection
EndGlobal
